
Microsoft Visual Studio Solution File, Format Version 12.00
# Visual Studio 15
VisualStudioVersion = 15.0.27428.2005
MinimumVisualStudioVersion = 10.0.40219.1
Project("{FAE04EC0-301F-11D3-BF4B-00C04F79EFBC}") = "Part_1", "Part_1\Part_1.csproj", "{AFF8BB8E-D4A7-4F6E-B0DD-9B260A7B99A5}"
EndProject
Global
	GlobalSection(SolutionConfigurationPlatforms) = preSolution
		Debug|Any CPU = Debug|Any CPU
		Release|Any CPU = Release|Any CPU
	EndGlobalSection
	GlobalSection(ProjectConfigurationPlatforms) = postSolution
		{AFF8BB8E-D4A7-4F6E-B0DD-9B260A7B99A5}.Debug|Any CPU.ActiveCfg = Debug|Any CPU
		{AFF8BB8E-D4A7-4F6E-B0DD-9B260A7B99A5}.Debug|Any CPU.Build.0 = Debug|Any CPU
		{AFF8BB8E-D4A7-4F6E-B0DD-9B260A7B99A5}.Release|Any CPU.ActiveCfg = Release|Any CPU
		{AFF8BB8E-D4A7-4F6E-B0DD-9B260A7B99A5}.Release|Any CPU.Build.0 = Release|Any CPU
	EndGlobalSection
	GlobalSection(SolutionProperties) = preSolution
		HideSolutionNode = FALSE
	EndGlobalSection
	GlobalSection(ExtensibilityGlobals) = postSolution
		SolutionGuid = {7506E958-0283-479F-949B-EA7600607AB9}
	EndGlobalSection
EndGlobal
